{
  "requires": true,
  "lockfileVersion": 1,
  "dependencies": {
    "@angular/platform-server": {
      "version": "5.2.10",
      "resolved": "https://registry.npmjs.org/@angular/platform-server/-/platform-server-5.2.10.tgz",
      "integrity": "sha512-invVR6XF8aqzMc/4OB6pARm1hgAdegp6rkBGWZa4nzfUT/u4QR+K3EjBXmF6NIYZGjEMVbCoNxDH8vwf6NcKYg==",
      "dev": true,
      "requires": {
        "domino": "1.0.30",
        "tslib": "1.9.0",
        "xhr2": "0.1.4"
      }
    },
    "domino": {
      "version": "1.0.30",
      "resolved": "https://registry.npmjs.org/domino/-/domino-1.0.30.tgz",
      "integrity": "sha512-ikq8WiDSkICdkElud317F2Sigc6A3EDpWsxWBwIZqOl95km4p/Vc9Rj98id7qKgsjDmExj0AVM7JOd4bb647Xg==",
      "dev": true
    },
    "tslib": {
      "version": "1.9.0",
      "resolved": "https://registry.npmjs.org/tslib/-/tslib-1.9.0.tgz",
      "integrity": "sha512-f/qGG2tUkrISBlQZEjEqoZ3B2+npJjIf04H1wuAv9iA8i04Icp+61KRXxFdha22670NJopsZCIjhC3SnjPRKrQ==",
      "dev": true
    },
    "xhr2": {
      "version": "0.1.4",
      "resolved": "https://registry.npmjs.org/xhr2/-/xhr2-0.1.4.tgz",
      "integrity": "sha1-f4dliEdxbbUCYyOBL4GMras4el8=",
      "dev": true
    }
  }
}
